
Microsoft Visual Studio Solution File, Format Version 12.00
# Visual Studio Version 16
VisualStudioVersion = 16.0.33529.622
MinimumVisualStudioVersion = 10.0.40219.1
Project("{FAE04EC0-301F-11D3-BF4B-00C04F79EFBC}") = "SegurosLaFija", "SegurosLaFija.csproj", "{DB20A5F1-E264-4A63-988F-B0BB3C3DD632}"
EndProject
Global
	GlobalSection(SolutionConfigurationPlatforms) = preSolution
		Debug|Any CPU = Debug|Any CPU
		Release|Any CPU = Release|Any CPU
	EndGlobalSection
	GlobalSection(ProjectConfigurationPlatforms) = postSolution
		{DB20A5F1-E264-4A63-988F-B0BB3C3DD632}.Debug|Any CPU.ActiveCfg = Debug|Any CPU
		{DB20A5F1-E264-4A63-988F-B0BB3C3DD632}.Debug|Any CPU.Build.0 = Debug|Any CPU
		{DB20A5F1-E264-4A63-988F-B0BB3C3DD632}.Release|Any CPU.ActiveCfg = Release|Any CPU
		{DB20A5F1-E264-4A63-988F-B0BB3C3DD632}.Release|Any CPU.Build.0 = Release|Any CPU
	EndGlobalSection
	GlobalSection(SolutionProperties) = preSolution
		HideSolutionNode = FALSE
	EndGlobalSection
	GlobalSection(ExtensibilityGlobals) = postSolution
		SolutionGuid = {C8AC5CA8-09A0-4119-8FD6-0D10E04FFF1A}
	EndGlobalSection
EndGlobal
